// !$*UTF8*$!
{
	archiveVersion = 1;
	classes = {
	};
	objectVersion = 46;
	objects = {

/* Begin PBXBuildFile section */
		DCB35BEA1C48163E0077B87D /* AppDelegate.swift in Sources */ = {isa = PBXBuildFile; fileRef = DCB35BE91C48163E0077B87D /* AppDelegate.swift */; };
		DCB35BEC1C48163E0077B87D /* ViewController.swift in Sources */ = {isa = PBXBuildFile; fileRef = DCB35BEB1C48163E0077B87D /* ViewController.swift */; };
		DCB35BEF1C48163E0077B87D /* Main.storyboard in Resources */ = {isa = PBXBuildFile; fileRef = DCB35BED1C48163E0077B87D /* Main.storyboard */; };
		DCB35BF11C48163E0077B87D /* Assets.xcassets in Resources */ = {isa = PBXBuildFile; fileRef = DCB35BF01C48163E0077B87D /* Assets.xcassets */; };
		DCB35BF41C48163E0077B87D /* LaunchScreen.storyboard in Resources */ = {isa = PBXBuildFile; fileRef = DCB35BF21C48163E0077B87D /* LaunchScreen.storyboard */; };
		DCC1CF911C49C65B00F21205 /* CalculatorBrain.swift in Sources */ = {isa = PBXBuildFile; fileRef = DCC1CF901C49C65B00F21205 /* CalculatorBrain.swift */; settings = {ASSET_TAGS = (); }; };
/* End PBXBuildFile section */

/* Begin PBXFileReference section */
		DCB35BE61C48163E0077B87D /* Calculator.app */ = {isa = PBXFileReference; explicitFileType = wrapper.application; includeInIndex = 0; path = Calculator.app; sourceTree = BUILT_PRODUCTS_DIR; };
		DCB35BE91C48163E0077B87D /* AppDelegate.swift */ = {isa = PBXFileReference; lastKnownFileType = sourcecode.swift; path = AppDelegate.swift; sourceTree = "<group>"; };
		DCB35BEB1C48163E0077B87D /* ViewController.swift */ = {isa = PBXFileReference; lastKnownFileType = sourcecode.swift; path = ViewController.swift; sourceTree = "<group>"; };
		DCB35BEE1C48163E0077B87D /* Base */ = {isa = PBXFileReference; lastKnownFileType = file.storyboard; name = Base; path = Base.lproj/Main.storyboard; sourceTree = "<group>"; };
		DCB35BF01C48163E0077B87D /* Assets.xcassets */ = {isa = PBXFileReference; lastKnownFileType = folder.assetcatalog; path = Assets.xcassets; sourceTree = "<group>"; };
		DCB35BF31C48163E0077B87D /* Base */ = {isa = PBXFileReference; lastKnownFileType = file.storyboard; name = Base; path = Base.lproj/LaunchScreen.storyboard; sourceTree = "<group>"; };
		DCB35BF51C48163E0077B87D /* Info.plist */ = {isa = PBXFileReference; lastKnownFileType = text.plist.xml; path = Info.plist; sourceTree = "<group>"; };
		DCC1CF901C49C65B00F21205 /* CalculatorBrain.swift */ = {isa = PBXFileReference; fileEncoding = 4; lastKnownFileType = sourcecode.swift; path = CalculatorBrain.swift; sourceTree = "<group>"; };
/* End PBXFileReference section */

/* Begin PBXFrameworksBuildPhase section */
		DCB35BE31C48163E0077B87D /* Frameworks */ = {
			isa = PBXFrameworksBuildPhase;
			buildActionMask = 2147483647;
			files = (
			);
			runOnlyForDeploymentPostprocessing = 0;
		};
/* End PBXFrameworksBuildPhase section */

/* Begin PBXGroup section */
		DCB35BDD1C48163E0077B87D = {
			isa = PBXGroup;
			children = (
				DCB35BE81C48163E0077B87D /* Calculator */,
				DCB35BE71C48163E0077B87D /* Products */,
			);
			sourceTree = "<group>";
		};
		DCB35BE71C48163E0077B87D /* Products */ = {
			isa = PBXGroup;
			children = (
				DCB35BE61C48163E0077B87D /* Calculator.app */,
			);
			name = Products;
			sourceTree = "<group>";
		};
		DCB35BE81C48163E0077B87D /* Calculator */ = {
			isa = PBXGroup;
			children = (
				DCB35BE91C48163E0077B87D /* AppDelegate.swift */,
				DCB35BEB1C48163E0077B87D /* ViewController.swift */,
				DCC1CF901C49C65B00F21205 /* CalculatorBrain.swift */,
				DCB35BED1C48163E0077B87D /* Main.storyboard */,
				DCB35BF01C48163E0077B87D /* Assets.xcassets */,
				DCB35BF21C48163E0077B87D /* LaunchScreen.storyboard */,
				DCB35BF51C48163E0077B87D /* Info.plist */,
			);
			path = Calculator;
			sourceTree = "<group>";
		};
/* End PBXGroup section */

/* Begin PBXNativeTarget section */
		DCB35BE51C48163E0077B87D /* Calculator */ = {
			isa = PBXNativeTarget;
			buildConfigurationList = DCB35BF81C48163E0077B87D /* Build configuration list for PBXNativeTarget "Calculator" */;
			buildPhases = (
				DCB35BE21C48163E0077B87D /* Sources */,
				DCB35BE31C48163E0077B87D /* Frameworks */,
				DCB35BE41C48163E0077B87D /* Resources */,
			);
			buildRules = (
			);
			dependencies = (
			);
			name = Calculator;
			productName = Calculator;
			productReference = DCB35BE61C48163E0077B87D /* Calculator.app */;
			productType = "com.apple.product-type.application";
		};
/* End PBXNativeTarget section */

/* Begin PBXProject section */
		DCB35BDE1C48163E0077B87D /* Project object */ = {
			isa = PBXProject;
			attributes = {
				LastUpgradeCheck = 0700;
				ORGANIZATIONNAME = "Rosie ";
				TargetAttributes = {
					DCB35BE51C48163E0077B87D = {
						CreatedOnToolsVersion = 7.0.1;
						DevelopmentTeam = D7CVTE2UQD;
					};
				};
			};
			buildConfigurationList = DCB35BE11C48163E0077B87D /* Build configuration list for PBXProject "Calculator" */;
			compatibilityVersion = "Xcode 3.2";
			developmentRegion = English;
			hasScannedForEncodings = 0;
			knownRegions = (
				en,
				Base,
			);
			mainGroup = DCB35BDD1C48163E0077B87D;
			productRefGroup = DCB35BE71C48163E0077B87D /* Products */;
			projectDirPath = "";
			projectRoot = "";
			targets = (
				DCB35BE51C48163E0077B87D /* Calculator */,
			);
		};
/* End PBXProject section */

/* Begin PBXResourcesBuildPhase section */
		DCB35BE41C48163E0077B87D /* Resources */ = {
			isa = PBXResourcesBuildPhase;
			buildActionMask = 2147483647;
			files = (
				DCB35BF41C48163E0077B87D /* LaunchScreen.storyboard in Resources */,
				DCB35BF11C48163E0077B87D /* Assets.xcassets in Resources */,
				DCB35BEF1C48163E0077B87D /* Main.storyboard in Resources */,
			);
			runOnlyForDeploymentPostprocessing = 0;
		};
/* End PBXResourcesBuildPhase section */

/* Begin PBXSourcesBuildPhase section */
		DCB35BE21C48163E0077B87D /* Sources */ = {
			isa = PBXSourcesBuildPhase;
			buildActionMask = 2147483647;
			files = (
				DCC1CF911C49C65B00F21205 /* CalculatorBrain.swift in Sources */,
				DCB35BEC1C48163E0077B87D /* ViewController.swift in Sources */,
				DCB35BEA1C48163E0077B87D /* AppDelegate.swift in Sources */,
			);
			runOnlyForDeploymentPostprocessing = 0;
		};
/* End PBXSourcesBuildPhase section */

/* Begin PBXVariantGroup section */
		DCB35BED1C48163E0077B87D /* Main.storyboard */ = {
			isa = PBXVariantGroup;
			children = (
				DCB35BEE1C48163E0077B87D /* Base */,
			);
			name = Main.storyboard;
			sourceTree = "<group>";
		};
		DCB35BF21C48163E0077B87D /* LaunchScreen.storyboard */ = {
			isa = PBXVariantGroup;
			children = (
				DCB35BF31C48163E0077B87D /* Base */,
			);
			name = LaunchScreen.storyboard;
			sourceTree = "<group>";
		};
/* End PBXVariantGroup section */

/* Begin XCBuildConfiguration section */
		DCB35BF61C48163E0077B87D /* Debug */ = {
			isa = XCBuildConfiguration;
			buildSettings = {
				ALWAYS_SEARCH_USER_PATHS = NO;
				CLANG_CXX_LANGUAGE_STANDARD = "gnu++0x";
				CLANG_CXX_LIBRARY = "libc++";
				CLANG_ENABLE_MODULES = YES;
				CLANG_ENABLE_OBJC_ARC = YES;
				CLANG_WARN_BOOL_CONVERSION = YES;
				CLANG_WARN_CONSTANT_CONVERSION = YES;
				CLANG_WARN_DIRECT_OBJC_ISA_USAGE = YES_ERROR;
				CLANG_WARN_EMPTY_BODY = YES;
				CLANG_WARN_ENUM_CONVERSION = YES;
				CLANG_WARN_INT_CONVERSION = YES;
				CLANG_WARN_OBJC_ROOT_CLASS = YES_ERROR;
				CLANG_WARN_UNREACHABLE_CODE = YES;
				CLANG_WARN__DUPLICATE_METHOD_MATCH = YES;
				"CODE_SIGN_IDENTITY[sdk=iphoneos*]" = "iPhone Developer";
				COPY_PHASE_STRIP = NO;
				DEBUG_INFORMATION_FORMAT = dwarf;
				ENABLE_STRICT_OBJC_MSGSEND = YES;
				ENABLE_TESTABILITY = YES;
				GCC_C_LANGUAGE_STANDARD = gnu99;
				GCC_DYNAMIC_NO_PIC = NO;
				GCC_NO_COMMON_BLOCKS = YES;
				GCC_OPTIMIZATION_LEVEL = 0;
				GCC_PREPROCESSOR_DEFINITIONS = (
					"DEBUG=1",
					"$(inherited)",
				);
				GCC_WARN_64_TO_32_BIT_CONVERSION = YES;
				GCC_WARN_ABOUT_RETURN_TYPE = YES_ERROR;
				GCC_WARN_UNDECLARED_SELECTOR = YES;
				GCC_WARN_UNINITIALIZED_AUTOS = YES_AGGRESSIVE;
				GCC_WARN_UNUSED_FUNCTION = YES;
				GCC_WARN_UNUSED_VARIABLE = YES;
				IPHONEOS_DEPLOYMENT_TARGET = 9.0;
				MTL_ENABLE_DEBUG_INFO = YES;
				ONLY_ACTIVE_ARCH = YES;
				SDKROOT = iphoneos;
				SWIFT_OPTIMIZATION_LEVEL = "-Onone";
				TARGETED_DEVICE_FAMILY = "1,2";
			};
			name = Debug;
		};
		DCB35BF71C48163E0077B87D /* Release */ = {
			isa = XCBuildConfiguration;
			buildSettings = {
				ALWAYS_SEARCH_USER_PATHS = NO;
				CLANG_CXX_LANGUAGE_STANDARD = "gnu++0x";
				CLANG_CXX_LIBRARY = "libc++";
				CLANG_ENABLE_MODULES = YES;
				CLANG_ENABLE_OBJC_ARC = YES;
				CLANG_WARN_BOOL_CONVERSION = YES;
				CLANG_WARN_CONSTANT_CONVERSION = YES;
				CLANG_WARN_DIRECT_OBJC_ISA_USAGE = YES_ERROR;
				CLANG_WARN_EMPTY_BODY = YES;
				CLANG_WARN_ENUM_CONVERSION = YES;
				CLANG_WARN_INT_CONVERSION = YES;
				CLANG_WARN_OBJC_ROOT_CLASS = YES_ERROR;
				CLANG_WARN_UNREACHABLE_CODE = YES;
				CLANG_WARN__DUPLICATE_METHOD_MATCH = YES;
				"CODE_SIGN_IDENTITY[sdk=iphoneos*]" = "iPhone Developer";
				COPY_PHASE_STRIP = NO;
				DEBUG_INFORMATION_FORMAT = "dwarf-with-dsym";
				ENABLE_NS_ASSERTIONS = NO;
				ENABLE_STRICT_OBJC_MSGSEND = YES;
				GCC_C_LANGUAGE_STANDARD = gnu99;
				GCC_NO_COMMON_BLOCKS = YES;
				GCC_WARN_64_TO_32_BIT_CONVERSION = YES;
				GCC_WARN_ABOUT_RETURN_TYPE = YES_ERROR;
				GCC_WARN_UNDECLARED_SELECTOR = YES;
				GCC_WARN_UNINITIALIZED_AUTOS = YES_AGGRESSIVE;
				GCC_WARN_UNUSED_FUNCTION = YES;
				GCC_WARN_UNUSED_VARIABLE = YES;
				IPHONEOS_DEPLOYMENT_TARGET = 9.0;
				MTL_ENABLE_DEBUG_INFO = NO;
				SDKROOT = iphoneos;
				TARGETED_DEVICE_FAMILY = "1,2";
				VALIDATE_PRODUCT = YES;
			};
			name = Release;
		};
		DCB35BF91C48163E0077B87D /* Debug */ = {
			isa = XCBuildConfiguration;
			buildSettings = {
				ASSETCATALOG_COMPILER_APPICON_NAME = AppIcon;
				INFOPLIST_FILE = Calculator/Info.plist;
				LD_RUNPATH_SEARCH_PATHS = "$(inherited) @executable_path/Frameworks";
				PRODUCT_BUNDLE_IDENTIFIER = hack.Calculator;
				PRODUCT_NAME = "$(TARGET_NAME)";
			};
			name = Debug;
		};
		DCB35BFA1C48163E0077B87D /* Release */ = {
			isa = XCBuildConfiguration;
			buildSettings = {
				ASSETCATALOG_COMPILER_APPICON_NAME = AppIcon;
				INFOPLIST_FILE = Calculator/Info.plist;
				LD_RUNPATH_SEARCH_PATHS = "$(inherited) @executable_path/Frameworks";
				PRODUCT_BUNDLE_IDENTIFIER = hack.Calculator;
				PRODUCT_NAME = "$(TARGET_NAME)";
			};
			name = Release;
		};
/* End XCBuildConfiguration section */

/* Begin XCConfigurationList section */
		DCB35BE11C48163E0077B87D /* Build configuration list for PBXProject "Calculator" */ = {
			isa = XCConfigurationList;
			buildConfigurations = (
				DCB35BF61C48163E0077B87D /* Debug */,
				DCB35BF71C48163E0077B87D /* Release */,
			);
			defaultConfigurationIsVisible = 0;
			defaultConfigurationName = Release;
		};
		DCB35BF81C48163E0077B87D /* Build configuration list for PBXNativeTarget "Calculator" */ = {
			isa = XCConfigurationList;
			buildConfigurations = (
				DCB35BF91C48163E0077B87D /* Debug */,
				DCB35BFA1C48163E0077B87D /* Release */,
			);
			defaultConfigurationIsVisible = 0;
			defaultConfigurationName = Release;
		};
/* End XCConfigurationList section */
	};
	rootObject = DCB35BDE1C48163E0077B87D /* Project object */;
}
